
Microsoft Visual Studio Solution File, Format Version 12.00
# Visual Studio Version 17
VisualStudioVersion = 17.7.34024.191
MinimumVisualStudioVersion = 10.0.40219.1
Project("{9A19103F-16F7-4668-BE54-9A1E7A4F7556}") = "BulletinBoard.DAL", "BulletinBoard\BulletinBoard.DAL.csproj", "{CBE9F2FF-03A1-4F0A-9486-1C6E3D3BF7EF}"
EndProject
Project("{FAE04EC0-301F-11D3-BF4B-00C04F79EFBC}") = "BulletinBoard.DI", "BulletinBoard.DI\BulletinBoard.DI.csproj", "{65864283-105D-4BFA-A996-D946B6CCFCAE}"
EndProject
Project("{FAE04EC0-301F-11D3-BF4B-00C04F79EFBC}") = "BulletinBoard.BLL", "BulletinBoard.BLL\BulletinBoard.BLL.csproj", "{B237D802-5CB6-4869-A087-FD47E3762856}"
EndProject
Project("{FAE04EC0-301F-11D3-BF4B-00C04F79EFBC}") = "BulletinBoard.Common", "BulletinBoard.Common\BulletinBoard.Common.csproj", "{B78D8D6C-D86C-4E88-80AC-9D15B1C6E021}"
EndProject
Global
	GlobalSection(SolutionConfigurationPlatforms) = preSolution
		Debug|Any CPU = Debug|Any CPU
		Release|Any CPU = Release|Any CPU
	EndGlobalSection
	GlobalSection(ProjectConfigurationPlatforms) = postSolution
		{CBE9F2FF-03A1-4F0A-9486-1C6E3D3BF7EF}.Debug|Any CPU.ActiveCfg = Debug|Any CPU
		{CBE9F2FF-03A1-4F0A-9486-1C6E3D3BF7EF}.Debug|Any CPU.Build.0 = Debug|Any CPU
		{CBE9F2FF-03A1-4F0A-9486-1C6E3D3BF7EF}.Release|Any CPU.ActiveCfg = Release|Any CPU
		{CBE9F2FF-03A1-4F0A-9486-1C6E3D3BF7EF}.Release|Any CPU.Build.0 = Release|Any CPU
		{65864283-105D-4BFA-A996-D946B6CCFCAE}.Debug|Any CPU.ActiveCfg = Debug|Any CPU
		{65864283-105D-4BFA-A996-D946B6CCFCAE}.Debug|Any CPU.Build.0 = Debug|Any CPU
		{65864283-105D-4BFA-A996-D946B6CCFCAE}.Release|Any CPU.ActiveCfg = Release|Any CPU
		{65864283-105D-4BFA-A996-D946B6CCFCAE}.Release|Any CPU.Build.0 = Release|Any CPU
		{B237D802-5CB6-4869-A087-FD47E3762856}.Debug|Any CPU.ActiveCfg = Debug|Any CPU
		{B237D802-5CB6-4869-A087-FD47E3762856}.Debug|Any CPU.Build.0 = Debug|Any CPU
		{B237D802-5CB6-4869-A087-FD47E3762856}.Release|Any CPU.ActiveCfg = Release|Any CPU
		{B237D802-5CB6-4869-A087-FD47E3762856}.Release|Any CPU.Build.0 = Release|Any CPU
		{B78D8D6C-D86C-4E88-80AC-9D15B1C6E021}.Debug|Any CPU.ActiveCfg = Debug|Any CPU
		{B78D8D6C-D86C-4E88-80AC-9D15B1C6E021}.Debug|Any CPU.Build.0 = Debug|Any CPU
		{B78D8D6C-D86C-4E88-80AC-9D15B1C6E021}.Release|Any CPU.ActiveCfg = Release|Any CPU
		{B78D8D6C-D86C-4E88-80AC-9D15B1C6E021}.Release|Any CPU.Build.0 = Release|Any CPU
	EndGlobalSection
	GlobalSection(SolutionProperties) = preSolution
		HideSolutionNode = FALSE
	EndGlobalSection
	GlobalSection(ExtensibilityGlobals) = postSolution
		SolutionGuid = {F4E08858-C93A-4F4C-9B0F-2622D48A61F2}
	EndGlobalSection
EndGlobal
